<?xml version="1.0" encoding="utf-8"?>
<Project ToolsVersion="4.0" xmlns="http://schemas.microsoft.com/developer/msbuild/2003">
  <ItemGroup>
    <Filter Include="include">
      <UniqueIdentifier>{981c41cf-f667-49d8-a464-e54036115598}</UniqueIdentifier>
    </Filter>
    <Filter Include="thirdpart">
      <UniqueIdentifier>{5c0f661e-d46e-42d5-9be5-96337c8c3e1d}</UniqueIdentifier>
    </Filter>
    <Filter Include="master">
      <UniqueIdentifier>{6c728cf5-9f47-47e9-bdd8-5eb11202bc35}</UniqueIdentifier>
    </Filter>
    <Filter Include="executor">
      <UniqueIdentifier>{57559597-89e9-4444-b4a2-9cab1c4a3077}</UniqueIdentifier>
    </Filter>
    <Filter Include="network">
      <UniqueIdentifier>{0cc615d0-7b5f-4246-a58c-57a628c7369c}</UniqueIdentifier>
    </Filter>
    <Filter Include="utils">
      <UniqueIdentifier>{78cf88a5-8f72-4a43-b17a-6d2fb0d14694}</UniqueIdentifier>
    </Filter>
    <Filter Include="http">
      <UniqueIdentifier>{6991484d-21de-4ca0-88a7-29adfae327a4}</UniqueIdentifier>
    </Filter>
    <Filter Include="message">
      <UniqueIdentifier>{533c5866-d80e-471b-a801-392180717827}</UniqueIdentifier>
    </Filter>
  </ItemGroup>
  <ItemGroup>
    <ClCompile Include="..\src\main.cpp" />
    <ClCompile Include="..\src\network\UVSockService.cpp">
      <Filter>network</Filter>
    </ClCompile>
    <ClCompile Include="..\src\network\MasterSession.cpp">
      <Filter>network</Filter>
    </ClCompile>
    <ClCompile Include="..\src\network\Session.cpp">
      <Filter>network</Filter>
    </ClCompile>
    <ClCompile Include="..\src\network\SessionFactory.cpp">
      <Filter>network</Filter>
    </ClCompile>
    <ClCompile Include="..\src\network\HTTPSession.cpp">
      <Filter>network</Filter>
    </ClCompile>
    <ClCompile Include="..\src\network\SessionManager.cpp">
      <Filter>network</Filter>
    </ClCompile>
    <ClCompile Include="..\src\network\ClusterSession.cpp">
      <Filter>network</Filter>
    </ClCompile>
    <ClCompile Include="..\src\executor\ExecutorManager.cpp">
      <Filter>executor</Filter>
    </ClCompile>
    <ClCompile Include="..\src\executor\Executor.cpp">
      <Filter>executor</Filter>
    </ClCompile>
    <ClCompile Include="..\src\network\ExecutorSession.cpp">
      <Filter>network</Filter>
    </ClCompile>
    <ClCompile Include="..\src\http\HTTPHandler.cpp">
      <Filter>http</Filter>
    </ClCompile>
    <ClCompile Include="..\src\message\Message.cpp">
      <Filter>message</Filter>
    </ClCompile>
  </ItemGroup>
  <ItemGroup>
    <ClInclude Include="..\src\thirdpart\json.hpp">
      <Filter>thirdpart</Filter>
    </ClInclude>
    <ClInclude Include="..\src\thirdpart\UUID.hpp">
      <Filter>thirdpart</Filter>
    </ClInclude>
    <ClInclude Include="..\src\include\android-ifaddrs.h">
      <Filter>include</Filter>
    </ClInclude>
    <ClInclude Include="..\src\include\pthread-fixes.h">
      <Filter>include</Filter>
    </ClInclude>
    <ClInclude Include="..\src\include\stdint-msvc2008.h">
      <Filter>include</Filter>
    </ClInclude>
    <ClInclude Include="..\src\include\tree.h">
      <Filter>include</Filter>
    </ClInclude>
    <ClInclude Include="..\src\include\uv.h">
      <Filter>include</Filter>
    </ClInclude>
    <ClInclude Include="..\src\include\uv-aix.h">
      <Filter>include</Filter>
    </ClInclude>
    <ClInclude Include="..\src\include\uv-bsd.h">
      <Filter>include</Filter>
    </ClInclude>
    <ClInclude Include="..\src\include\uv-darwin.h">
      <Filter>include</Filter>
    </ClInclude>
    <ClInclude Include="..\src\include\uv-errno.h">
      <Filter>include</Filter>
    </ClInclude>
    <ClInclude Include="..\src\include\uv-linux.h">
      <Filter>include</Filter>
    </ClInclude>
    <ClInclude Include="..\src\include\uv-sunos.h">
      <Filter>include</Filter>
    </ClInclude>
    <ClInclude Include="..\src\include\uv-threadpool.h">
      <Filter>include</Filter>
    </ClInclude>
    <ClInclude Include="..\src\include\uv-unix.h">
      <Filter>include</Filter>
    </ClInclude>
    <ClInclude Include="..\src\include\uv-version.h">
      <Filter>include</Filter>
    </ClInclude>
    <ClInclude Include="..\src\include\uv-win.h">
      <Filter>include</Filter>
    </ClInclude>
    <ClInclude Include="..\src\network\UVSockService.h">
      <Filter>network</Filter>
    </ClInclude>
    <ClInclude Include="..\src\maraton.h" />
    <ClInclude Include="..\src\network\MasterSession.h">
      <Filter>network</Filter>
    </ClInclude>
    <ClInclude Include="..\src\network\Session.h">
      <Filter>network</Filter>
    </ClInclude>
    <ClInclude Include="..\src\network\SessionFactory.h">
      <Filter>network</Filter>
    </ClInclude>
    <ClInclude Include="..\src\http\HTTPRequest.hpp">
      <Filter>http</Filter>
    </ClInclude>
    <ClInclude Include="..\src\http\HTTPResponse.hpp">
      <Filter>http</Filter>
    </ClInclude>
    <ClInclude Include="..\src\http\HTTPRouter.hpp">
      <Filter>http</Filter>
    </ClInclude>
    <ClInclude Include="..\src\network\HTTPSession.h">
      <Filter>network</Filter>
    </ClInclude>
    <ClInclude Include="..\src\network\SessionManager.h">
      <Filter>network</Filter>
    </ClInclude>
    <ClInclude Include="..\src\utils\Buffer.hpp">
      <Filter>utils</Filter>
    </ClInclude>
    <ClInclude Include="..\src\utils\Zlib.hpp">
      <Filter>utils</Filter>
    </ClInclude>
    <ClInclude Include="..\src\network\ClusterSession.h">
      <Filter>network</Filter>
    </ClInclude>
    <ClInclude Include="..\src\utils\Manager.hpp">
      <Filter>utils</Filter>
    </ClInclude>
    <ClInclude Include="..\src\executor\ExecutorManager.h">
      <Filter>executor</Filter>
    </ClInclude>
    <ClInclude Include="..\src\utils\CircleBuffer.hpp">
      <Filter>utils</Filter>
    </ClInclude>
    <ClInclude Include="..\src\utils\Singleton.hpp">
      <Filter>utils</Filter>
    </ClInclude>
    <ClInclude Include="..\src\utils\Logger.hpp">
      <Filter>utils</Filter>
    </ClInclude>
    <ClInclude Include="..\src\executor\Executor.h">
      <Filter>executor</Filter>
    </ClInclude>
    <ClInclude Include="..\src\network\ExecutorSession.h">
      <Filter>network</Filter>
    </ClInclude>
    <ClInclude Include="..\src\http\HTTPHandler.h">
      <Filter>http</Filter>
    </ClInclude>
    <ClInclude Include="..\src\include\vld.h">
      <Filter>include</Filter>
    </ClInclude>
    <ClInclude Include="..\src\include\vld_def.h">
      <Filter>include</Filter>
    </ClInclude>
    <ClInclude Include="..\src\message\Message.h">
      <Filter>message</Filter>
    </ClInclude>
    <ClInclude Include="..\src\utils\Macros.h">
      <Filter>utils</Filter>
    </ClInclude>
  </ItemGroup>
  <ItemGroup>
    <None Include="ClassDiagram.cd" />
  </ItemGroup>
</Project>